# DO NOT EDIT MANUALLY - Managed by Fern Replay
version: "1.0"
generations:
  - commit_sha: 19ab83ebb0b94af09209bd08c1a3d78b5091b289
    tree_hash: b1564fa908da8e57a187c2d0986db92389b2c488
    timestamp: 2026-09-11T19:18:23.304Z
    cli_version: unknown
    generator_versions: {}
current_generation: 19ab83ebb0b94af09209bd08c1a3d78b5091b289
patches: []
